
Microsoft Visual Studio Solution File, Format Version 12.00
# Visual Studio Version 16
VisualStudioVersion = 16.0.29926.136
MinimumVisualStudioVersion = 10.0.40219.1
Project("{FAE04EC0-301F-11D3-BF4B-00C04F79EFBC}") = "CountVowels", "CountVowels\CountVowels.csproj", "{3505C84F-F607-4C87-A79B-1645C3D153C6}"
EndProject
Global
	GlobalSection(SolutionConfigurationPlatforms) = preSolution
		Debug|Any CPU = Debug|Any CPU
		Release|Any CPU = Release|Any CPU
	EndGlobalSection
	GlobalSection(ProjectConfigurationPlatforms) = postSolution
		{3505C84F-F607-4C87-A79B-1645C3D153C6}.Debug|Any CPU.ActiveCfg = Debug|Any CPU
		{3505C84F-F607-4C87-A79B-1645C3D153C6}.Debug|Any CPU.Build.0 = Debug|Any CPU
		{3505C84F-F607-4C87-A79B-1645C3D153C6}.Release|Any CPU.ActiveCfg = Release|Any CPU
		{3505C84F-F607-4C87-A79B-1645C3D153C6}.Release|Any CPU.Build.0 = Release|Any CPU
	EndGlobalSection
	GlobalSection(SolutionProperties) = preSolution
		HideSolutionNode = FALSE
	EndGlobalSection
	GlobalSection(ExtensibilityGlobals) = postSolution
		SolutionGuid = {658383AC-2C67-44D3-9AB2-2FA0C29A07C9}
	EndGlobalSection
EndGlobal
